
Microsoft Visual Studio Solution File, Format Version 12.00
# Visual Studio Version 17
VisualStudioVersion = 17.0.31717.71
MinimumVisualStudioVersion = 10.0.40219.1
Project("{FAE04EC0-301F-11D3-BF4B-00C04F79EFBC}") = "API", "API\API.csproj", "{3D2EC5D0-4A6C-468B-B6C4-6804183C6E8C}"
EndProject
Global
	GlobalSection(SolutionConfigurationPlatforms) = preSolution
		Debug|Any CPU = Debug|Any CPU
		Release|Any CPU = Release|Any CPU
	EndGlobalSection
	GlobalSection(ProjectConfigurationPlatforms) = postSolution
		{3D2EC5D0-4A6C-468B-B6C4-6804183C6E8C}.Debug|Any CPU.ActiveCfg = Debug|Any CPU
		{3D2EC5D0-4A6C-468B-B6C4-6804183C6E8C}.Debug|Any CPU.Build.0 = Debug|Any CPU
		{3D2EC5D0-4A6C-468B-B6C4-6804183C6E8C}.Release|Any CPU.ActiveCfg = Release|Any CPU
		{3D2EC5D0-4A6C-468B-B6C4-6804183C6E8C}.Release|Any CPU.Build.0 = Release|Any CPU
	EndGlobalSection
	GlobalSection(SolutionProperties) = preSolution
		HideSolutionNode = FALSE
	EndGlobalSection
	GlobalSection(ExtensibilityGlobals) = postSolution
		SolutionGuid = {3979DD82-150E-4CB4-9EBE-3A3D497AFACC}
	EndGlobalSection
EndGlobal
